
Microsoft Visual Studio Solution File, Format Version 12.00
# Visual Studio Version 17
VisualStudioVersion = 17.5.33414.496
MinimumVisualStudioVersion = 10.0.40219.1
Project("{FAE04EC0-301F-11D3-BF4B-00C04F79EFBC}") = "WebApplication_TareaII_MVC", "WebApplication_TareaII_MVC.csproj", "{540F5150-3F14-432C-8A16-256FE33BC02D}"
EndProject
Global
	GlobalSection(SolutionConfigurationPlatforms) = preSolution
		Debug|Any CPU = Debug|Any CPU
		Release|Any CPU = Release|Any CPU
	EndGlobalSection
	GlobalSection(ProjectConfigurationPlatforms) = postSolution
		{540F5150-3F14-432C-8A16-256FE33BC02D}.Debug|Any CPU.ActiveCfg = Debug|Any CPU
		{540F5150-3F14-432C-8A16-256FE33BC02D}.Debug|Any CPU.Build.0 = Debug|Any CPU
		{540F5150-3F14-432C-8A16-256FE33BC02D}.Release|Any CPU.ActiveCfg = Release|Any CPU
		{540F5150-3F14-432C-8A16-256FE33BC02D}.Release|Any CPU.Build.0 = Release|Any CPU
	EndGlobalSection
	GlobalSection(SolutionProperties) = preSolution
		HideSolutionNode = FALSE
	EndGlobalSection
	GlobalSection(ExtensibilityGlobals) = postSolution
		SolutionGuid = {18021E14-6E7C-4768-B1DA-CA9825E1DA6D}
	EndGlobalSection
EndGlobal
